
Microsoft Visual Studio Solution File, Format Version 12.00
# Visual Studio 15
VisualStudioVersion = 15.0.28010.2046
MinimumVisualStudioVersion = 10.0.40219.1
Project("{FAE04EC0-301F-11D3-BF4B-00C04F79EFBC}") = "rxWebReport", "rxWebReport\rxWebReport.csproj", "{D313686D-52BA-48E7-87EF-2901D2E23D9F}"
EndProject
Project("{FAE04EC0-301F-11D3-BF4B-00C04F79EFBC}") = "rxDashAndReportDesigner", "rxDashAndReportDesigner\rxDashAndReportDesigner.csproj", "{CCE72BED-D9BB-4757-BCE2-12332F3F5964}"
EndProject
Global
	GlobalSection(SolutionConfigurationPlatforms) = preSolution
		Debug|Any CPU = Debug|Any CPU
		Release|Any CPU = Release|Any CPU
	EndGlobalSection
	GlobalSection(ProjectConfigurationPlatforms) = postSolution
		{D313686D-52BA-48E7-87EF-2901D2E23D9F}.Debug|Any CPU.ActiveCfg = Debug|Any CPU
		{D313686D-52BA-48E7-87EF-2901D2E23D9F}.Debug|Any CPU.Build.0 = Debug|Any CPU
		{D313686D-52BA-48E7-87EF-2901D2E23D9F}.Release|Any CPU.ActiveCfg = Release|Any CPU
		{D313686D-52BA-48E7-87EF-2901D2E23D9F}.Release|Any CPU.Build.0 = Release|Any CPU
		{CCE72BED-D9BB-4757-BCE2-12332F3F5964}.Debug|Any CPU.ActiveCfg = Debug|Any CPU
		{CCE72BED-D9BB-4757-BCE2-12332F3F5964}.Debug|Any CPU.Build.0 = Debug|Any CPU
		{CCE72BED-D9BB-4757-BCE2-12332F3F5964}.Release|Any CPU.ActiveCfg = Release|Any CPU
		{CCE72BED-D9BB-4757-BCE2-12332F3F5964}.Release|Any CPU.Build.0 = Release|Any CPU
	EndGlobalSection
	GlobalSection(SolutionProperties) = preSolution
		HideSolutionNode = FALSE
	EndGlobalSection
	GlobalSection(ExtensibilityGlobals) = postSolution
		SolutionGuid = {4C1746EF-CC6C-4BBE-9E5A-15C3A4D66657}
	EndGlobalSection
EndGlobal
